
Microsoft Visual Studio Solution File, Format Version 12.00
# Visual Studio 15
VisualStudioVersion = 15.0.28307.329
MinimumVisualStudioVersion = 10.0.40219.1
Project("{9A19103F-16F7-4668-BE54-9A1E7A4F7556}") = "CatMash.WebAPI", "CatMash.WebAPI\CatMash.WebAPI.csproj", "{FF5716EF-0B9D-4E29-BBCD-0A403694BAA4}"
EndProject
Project("{FAE04EC0-301F-11D3-BF4B-00C04F79EFBC}") = "CathMash.Tests", "CathMash.Tests\CathMash.Tests.csproj", "{1A251F32-1722-4035-B22F-76C4CD19F496}"
EndProject
Global
	GlobalSection(SolutionConfigurationPlatforms) = preSolution
		Debug|Any CPU = Debug|Any CPU
		Release|Any CPU = Release|Any CPU
	EndGlobalSection
	GlobalSection(ProjectConfigurationPlatforms) = postSolution
		{FF5716EF-0B9D-4E29-BBCD-0A403694BAA4}.Debug|Any CPU.ActiveCfg = Debug|Any CPU
		{FF5716EF-0B9D-4E29-BBCD-0A403694BAA4}.Debug|Any CPU.Build.0 = Debug|Any CPU
		{FF5716EF-0B9D-4E29-BBCD-0A403694BAA4}.Release|Any CPU.ActiveCfg = Release|Any CPU
		{FF5716EF-0B9D-4E29-BBCD-0A403694BAA4}.Release|Any CPU.Build.0 = Release|Any CPU
		{1A251F32-1722-4035-B22F-76C4CD19F496}.Debug|Any CPU.ActiveCfg = Debug|Any CPU
		{1A251F32-1722-4035-B22F-76C4CD19F496}.Debug|Any CPU.Build.0 = Debug|Any CPU
		{1A251F32-1722-4035-B22F-76C4CD19F496}.Release|Any CPU.ActiveCfg = Release|Any CPU
		{1A251F32-1722-4035-B22F-76C4CD19F496}.Release|Any CPU.Build.0 = Release|Any CPU
	EndGlobalSection
	GlobalSection(SolutionProperties) = preSolution
		HideSolutionNode = FALSE
	EndGlobalSection
	GlobalSection(ExtensibilityGlobals) = postSolution
		SolutionGuid = {DB34B9D4-29F2-4D4B-BA84-D51845702C9F}
	EndGlobalSection
EndGlobal
